
Microsoft Visual Studio Solution File, Format Version 12.00
# Visual Studio Version 17
VisualStudioVersion = 17.9.34607.119
MinimumVisualStudioVersion = 10.0.40219.1
Project("{FAE04EC0-301F-11D3-BF4B-00C04F79EFBC}") = "AzureDeploymentTest.Server", "AzureDeploymentTest.Server\AzureDeploymentTest.Server.csproj", "{5E0197FB-2560-4D81-B666-7EB94D858160}"
EndProject
Project("{54A90642-561A-4BB1-A94E-469ADEE60C69}") = "azuredeploymenttest.client", "azuredeploymenttest.client\azuredeploymenttest.client.esproj", "{7F783A38-453B-4707-BF97-89BAD1C29350}"
EndProject
Global
	GlobalSection(SolutionConfigurationPlatforms) = preSolution
		Debug|Any CPU = Debug|Any CPU
		Release|Any CPU = Release|Any CPU
	EndGlobalSection
	GlobalSection(ProjectConfigurationPlatforms) = postSolution
		{5E0197FB-2560-4D81-B666-7EB94D858160}.Debug|Any CPU.ActiveCfg = Debug|Any CPU
		{5E0197FB-2560-4D81-B666-7EB94D858160}.Debug|Any CPU.Build.0 = Debug|Any CPU
		{5E0197FB-2560-4D81-B666-7EB94D858160}.Release|Any CPU.ActiveCfg = Release|Any CPU
		{5E0197FB-2560-4D81-B666-7EB94D858160}.Release|Any CPU.Build.0 = Release|Any CPU
		{7F783A38-453B-4707-BF97-89BAD1C29350}.Debug|Any CPU.ActiveCfg = Debug|Any CPU
		{7F783A38-453B-4707-BF97-89BAD1C29350}.Debug|Any CPU.Build.0 = Debug|Any CPU
		{7F783A38-453B-4707-BF97-89BAD1C29350}.Debug|Any CPU.Deploy.0 = Debug|Any CPU
		{7F783A38-453B-4707-BF97-89BAD1C29350}.Release|Any CPU.ActiveCfg = Release|Any CPU
		{7F783A38-453B-4707-BF97-89BAD1C29350}.Release|Any CPU.Build.0 = Release|Any CPU
		{7F783A38-453B-4707-BF97-89BAD1C29350}.Release|Any CPU.Deploy.0 = Release|Any CPU
	EndGlobalSection
	GlobalSection(SolutionProperties) = preSolution
		HideSolutionNode = FALSE
	EndGlobalSection
	GlobalSection(ExtensibilityGlobals) = postSolution
		SolutionGuid = {65C3DE47-5960-40D4-85C2-5A48B18EE6BD}
	EndGlobalSection
EndGlobal
